
Microsoft Visual Studio Solution File, Format Version 12.00
# Visual Studio Version 17
VisualStudioVersion = 17.0.32112.339
MinimumVisualStudioVersion = 10.0.40219.1
Project("{9A19103F-16F7-4668-BE54-9A1E7A4F7556}") = "API_Activities", "API_Activities\API_Activities.csproj", "{58BD4DF6-1C0C-4E43-AEA7-1B3B9E38B8A6}"
EndProject
Project("{FAE04EC0-301F-11D3-BF4B-00C04F79EFBC}") = "Domain", "Domain\Domain.csproj", "{4E28946D-1711-4649-B174-D782B9AD9775}"
EndProject
Project("{FAE04EC0-301F-11D3-BF4B-00C04F79EFBC}") = "Services", "Services\Services.csproj", "{EF7866CC-B3DA-4A92-BBB1-45531C9C47F5}"
EndProject
Project("{FAE04EC0-301F-11D3-BF4B-00C04F79EFBC}") = "DataAccess", "DataAccess\DataAccess.csproj", "{D658B977-CAC0-4270-AAD6-7F504594C19A}"
EndProject
Project("{FAE04EC0-301F-11D3-BF4B-00C04F79EFBC}") = "Repository", "Repository\Repository.csproj", "{68C1A7A5-86C4-446E-9617-44DF518F4B1E}"
EndProject
Global
	GlobalSection(SolutionConfigurationPlatforms) = preSolution
		Debug|Any CPU = Debug|Any CPU
		Release|Any CPU = Release|Any CPU
	EndGlobalSection
	GlobalSection(ProjectConfigurationPlatforms) = postSolution
		{58BD4DF6-1C0C-4E43-AEA7-1B3B9E38B8A6}.Debug|Any CPU.ActiveCfg = Debug|Any CPU
		{58BD4DF6-1C0C-4E43-AEA7-1B3B9E38B8A6}.Debug|Any CPU.Build.0 = Debug|Any CPU
		{58BD4DF6-1C0C-4E43-AEA7-1B3B9E38B8A6}.Release|Any CPU.ActiveCfg = Release|Any CPU
		{58BD4DF6-1C0C-4E43-AEA7-1B3B9E38B8A6}.Release|Any CPU.Build.0 = Release|Any CPU
		{4E28946D-1711-4649-B174-D782B9AD9775}.Debug|Any CPU.ActiveCfg = Debug|Any CPU
		{4E28946D-1711-4649-B174-D782B9AD9775}.Debug|Any CPU.Build.0 = Debug|Any CPU
		{4E28946D-1711-4649-B174-D782B9AD9775}.Release|Any CPU.ActiveCfg = Release|Any CPU
		{4E28946D-1711-4649-B174-D782B9AD9775}.Release|Any CPU.Build.0 = Release|Any CPU
		{EF7866CC-B3DA-4A92-BBB1-45531C9C47F5}.Debug|Any CPU.ActiveCfg = Debug|Any CPU
		{EF7866CC-B3DA-4A92-BBB1-45531C9C47F5}.Debug|Any CPU.Build.0 = Debug|Any CPU
		{EF7866CC-B3DA-4A92-BBB1-45531C9C47F5}.Release|Any CPU.ActiveCfg = Release|Any CPU
		{EF7866CC-B3DA-4A92-BBB1-45531C9C47F5}.Release|Any CPU.Build.0 = Release|Any CPU
		{D658B977-CAC0-4270-AAD6-7F504594C19A}.Debug|Any CPU.ActiveCfg = Debug|Any CPU
		{D658B977-CAC0-4270-AAD6-7F504594C19A}.Debug|Any CPU.Build.0 = Debug|Any CPU
		{D658B977-CAC0-4270-AAD6-7F504594C19A}.Release|Any CPU.ActiveCfg = Release|Any CPU
		{D658B977-CAC0-4270-AAD6-7F504594C19A}.Release|Any CPU.Build.0 = Release|Any CPU
		{68C1A7A5-86C4-446E-9617-44DF518F4B1E}.Debug|Any CPU.ActiveCfg = Debug|Any CPU
		{68C1A7A5-86C4-446E-9617-44DF518F4B1E}.Debug|Any CPU.Build.0 = Debug|Any CPU
		{68C1A7A5-86C4-446E-9617-44DF518F4B1E}.Release|Any CPU.ActiveCfg = Release|Any CPU
		{68C1A7A5-86C4-446E-9617-44DF518F4B1E}.Release|Any CPU.Build.0 = Release|Any CPU
	EndGlobalSection
	GlobalSection(SolutionProperties) = preSolution
		HideSolutionNode = FALSE
	EndGlobalSection
	GlobalSection(ExtensibilityGlobals) = postSolution
		SolutionGuid = {AABB3DDB-409C-46AB-BC19-09A48EB21609}
	EndGlobalSection
EndGlobal
